// !$*UTF8*$!
{
	archiveVersion = 1;
	classes = {
	};
	objectVersion = 46;
	objects = {

/* Begin PBXBuildFile section */
		46899C971DB78FFE002AE03D /* StickerPackExtension.appex in Embed App Extensions */ = {isa = PBXBuildFile; fileRef = 46899C961DB78FFE002AE03D /* StickerPackExtension.appex */; settings = {ATTRIBUTES = (RemoveHeadersOnCopy, ); }; };
		46899C9B1DB78FFE002AE03D /* Stickers.xcstickers in Resources */ = {isa = PBXBuildFile; fileRef = 46899C9A1DB78FFE002AE03D /* Stickers.xcstickers */; };
		46899C9C1DB78FFE002AE03D /* Stickers.xcstickers in Resources */ = {isa = PBXBuildFile; fileRef = 46899C9A1DB78FFE002AE03D /* Stickers.xcstickers */; };
/* End PBXBuildFile section */

/* Begin PBXContainerItemProxy section */
		46899C981DB78FFE002AE03D /* PBXContainerItemProxy */ = {
			isa = PBXContainerItemProxy;
			containerPortal = 46899C8C1DB78FFE002AE03D /* Project object */;
			proxyType = 1;
			remoteGlobalIDString = 46899C951DB78FFE002AE03D;
			remoteInfo = StickerPackExtension;
		};
/* End PBXContainerItemProxy section */

/* Begin PBXCopyFilesBuildPhase section */
		46899CA21DB78FFE002AE03D /* Embed App Extensions */ = {
			isa = PBXCopyFilesBuildPhase;
			buildActionMask = 2147483647;
			dstPath = "";
			dstSubfolderSpec = 13;
			files = (
				46899C971DB78FFE002AE03D /* StickerPackExtension.appex in Embed App Extensions */,
			);
			name = "Embed App Extensions";
			runOnlyForDeploymentPostprocessing = 0;
		};
/* End PBXCopyFilesBuildPhase section */

/* Begin PBXFileReference section */
		46899C921DB78FFE002AE03D /* BNTestPick.app */ = {isa = PBXFileReference; explicitFileType = wrapper.application; includeInIndex = 0; path = BNTestPick.app; sourceTree = BUILT_PRODUCTS_DIR; };
		46899C961DB78FFE002AE03D /* StickerPackExtension.appex */ = {isa = PBXFileReference; explicitFileType = "wrapper.app-extension"; includeInIndex = 0; path = StickerPackExtension.appex; sourceTree = BUILT_PRODUCTS_DIR; };
		46899C9A1DB78FFE002AE03D /* Stickers.xcstickers */ = {isa = PBXFileReference; lastKnownFileType = folder.stickers; name = Stickers.xcstickers; path = StickerPackExtension/Stickers.xcstickers; sourceTree = "<group>"; };
/* End PBXFileReference section */

/* Begin PBXGroup section */
		46899C8B1DB78FFE002AE03D = {
			isa = PBXGroup;
			children = (
				46899C9A1DB78FFE002AE03D /* Stickers.xcstickers */,
				46899C931DB78FFE002AE03D /* Products */,
			);
			sourceTree = "<group>";
		};
		46899C931DB78FFE002AE03D /* Products */ = {
			isa = PBXGroup;
			children = (
				46899C921DB78FFE002AE03D /* BNTestPick.app */,
				46899C961DB78FFE002AE03D /* StickerPackExtension.appex */,
			);
			name = Products;
			sourceTree = "<group>";
		};
/* End PBXGroup section */

/* Begin PBXNativeTarget section */
		46899C911DB78FFE002AE03D /* BNTestPick */ = {
			isa = PBXNativeTarget;
			buildConfigurationList = 46899CA31DB78FFE002AE03D /* Build configuration list for PBXNativeTarget "BNTestPick" */;
			buildPhases = (
				46899C901DB78FFE002AE03D /* Resources */,
				46899CA21DB78FFE002AE03D /* Embed App Extensions */,
			);
			buildRules = (
			);
			dependencies = (
				46899C991DB78FFE002AE03D /* PBXTargetDependency */,
			);
			name = BNTestPick;
			productName = BNTestPick;
			productReference = 46899C921DB78FFE002AE03D /* BNTestPick.app */;
			productType = "com.apple.product-type.application.messages";
		};
		46899C951DB78FFE002AE03D /* StickerPackExtension */ = {
			isa = PBXNativeTarget;
			buildConfigurationList = 46899C9F1DB78FFE002AE03D /* Build configuration list for PBXNativeTarget "StickerPackExtension" */;
			buildPhases = (
				46899C941DB78FFE002AE03D /* Resources */,
			);
			buildRules = (
			);
			dependencies = (
			);
			name = StickerPackExtension;
			productName = StickerPackExtension;
			productReference = 46899C961DB78FFE002AE03D /* StickerPackExtension.appex */;
			productType = "com.apple.product-type.app-extension.messages-sticker-pack";
		};
/* End PBXNativeTarget section */

/* Begin PBXProject section */
		46899C8C1DB78FFE002AE03D /* Project object */ = {
			isa = PBXProject;
			attributes = {
				LastUpgradeCheck = 0800;
				ORGANIZATIONNAME = "从来";
				TargetAttributes = {
					46899C911DB78FFE002AE03D = {
						CreatedOnToolsVersion = 8.0;
						DevelopmentTeam = RT43LXV8ZD;
						ProvisioningStyle = Automatic;
					};
					46899C951DB78FFE002AE03D = {
						CreatedOnToolsVersion = 8.0;
						DevelopmentTeam = RT43LXV8ZD;
						ProvisioningStyle = Automatic;
					};
				};
			};
			buildConfigurationList = 46899C8F1DB78FFE002AE03D /* Build configuration list for PBXProject "BNTestPick" */;
			compatibilityVersion = "Xcode 3.2";
			developmentRegion = English;
			hasScannedForEncodings = 0;
			knownRegions = (
				en,
			);
			mainGroup = 46899C8B1DB78FFE002AE03D;
			productRefGroup = 46899C931DB78FFE002AE03D /* Products */;
			projectDirPath = "";
			projectRoot = "";
			targets = (
				46899C911DB78FFE002AE03D /* BNTestPick */,
				46899C951DB78FFE002AE03D /* StickerPackExtension */,
			);
		};
/* End PBXProject section */

/* Begin PBXResourcesBuildPhase section */
		46899C901DB78FFE002AE03D /* Resources */ = {
			isa = PBXResourcesBuildPhase;
			buildActionMask = 2147483647;
			files = (
				46899C9C1DB78FFE002AE03D /* Stickers.xcstickers in Resources */,
			);
			runOnlyForDeploymentPostprocessing = 0;
		};
		46899C941DB78FFE002AE03D /* Resources */ = {
			isa = PBXResourcesBuildPhase;
			buildActionMask = 2147483647;
			files = (
				46899C9B1DB78FFE002AE03D /* Stickers.xcstickers in Resources */,
			);
			runOnlyForDeploymentPostprocessing = 0;
		};
/* End PBXResourcesBuildPhase section */

/* Begin PBXTargetDependency section */
		46899C991DB78FFE002AE03D /* PBXTargetDependency */ = {
			isa = PBXTargetDependency;
			target = 46899C951DB78FFE002AE03D /* StickerPackExtension */;
			targetProxy = 46899C981DB78FFE002AE03D /* PBXContainerItemProxy */;
		};
/* End PBXTargetDependency section */

/* Begin XCBuildConfiguration section */
		46899C9D1DB78FFE002AE03D /* Debug */ = {
			isa = XCBuildConfiguration;
			buildSettings = {
				ALWAYS_SEARCH_USER_PATHS = NO;
				CLANG_ANALYZER_NONNULL = YES;
				CLANG_CXX_LANGUAGE_STANDARD = "gnu++0x";
				CLANG_CXX_LIBRARY = "libc++";
				CLANG_ENABLE_MODULES = YES;
				CLANG_ENABLE_OBJC_ARC = YES;
				CLANG_WARN_BOOL_CONVERSION = YES;
				CLANG_WARN_CONSTANT_CONVERSION = YES;
				CLANG_WARN_DIRECT_OBJC_ISA_USAGE = YES_ERROR;
				CLANG_WARN_DOCUMENTATION_COMMENTS = YES;
				CLANG_WARN_EMPTY_BODY = YES;
				CLANG_WARN_ENUM_CONVERSION = YES;
				CLANG_WARN_INFINITE_RECURSION = YES;
				CLANG_WARN_INT_CONVERSION = YES;
				CLANG_WARN_OBJC_ROOT_CLASS = YES_ERROR;
				CLANG_WARN_SUSPICIOUS_MOVES = YES;
				CLANG_WARN_UNREACHABLE_CODE = YES;
				CLANG_WARN__DUPLICATE_METHOD_MATCH = YES;
				"CODE_SIGN_IDENTITY[sdk=iphoneos*]" = "iPhone Developer";
				COPY_PHASE_STRIP = NO;
				DEBUG_INFORMATION_FORMAT = dwarf;
				ENABLE_STRICT_OBJC_MSGSEND = YES;
				ENABLE_TESTABILITY = YES;
				GCC_C_LANGUAGE_STANDARD = gnu99;
				GCC_DYNAMIC_NO_PIC = NO;
				GCC_NO_COMMON_BLOCKS = YES;
				GCC_OPTIMIZATION_LEVEL = 0;
				GCC_PREPROCESSOR_DEFINITIONS = (
					"DEBUG=1",
					"$(inherited)",
				);
				GCC_WARN_64_TO_32_BIT_CONVERSION = YES;
				GCC_WARN_ABOUT_RETURN_TYPE = YES_ERROR;
				GCC_WARN_UNDECLARED_SELECTOR = YES;
				GCC_WARN_UNINITIALIZED_AUTOS = YES_AGGRESSIVE;
				GCC_WARN_UNUSED_FUNCTION = YES;
				GCC_WARN_UNUSED_VARIABLE = YES;
				IPHONEOS_DEPLOYMENT_TARGET = 10.0;
				MTL_ENABLE_DEBUG_INFO = YES;
				ONLY_ACTIVE_ARCH = YES;
				SDKROOT = iphoneos;
			};
			name = Debug;
		};
		46899C9E1DB78FFE002AE03D /* Release */ = {
			isa = XCBuildConfiguration;
			buildSettings = {
				ALWAYS_SEARCH_USER_PATHS = NO;
				CLANG_ANALYZER_NONNULL = YES;
				CLANG_CXX_LANGUAGE_STANDARD = "gnu++0x";
				CLANG_CXX_LIBRARY = "libc++";
				CLANG_ENABLE_MODULES = YES;
				CLANG_ENABLE_OBJC_ARC = YES;
				CLANG_WARN_BOOL_CONVERSION = YES;
				CLANG_WARN_CONSTANT_CONVERSION = YES;
				CLANG_WARN_DIRECT_OBJC_ISA_USAGE = YES_ERROR;
				CLANG_WARN_DOCUMENTATION_COMMENTS = YES;
				CLANG_WARN_EMPTY_BODY = YES;
				CLANG_WARN_ENUM_CONVERSION = YES;
				CLANG_WARN_INFINITE_RECURSION = YES;
				CLANG_WARN_INT_CONVERSION = YES;
				CLANG_WARN_OBJC_ROOT_CLASS = YES_ERROR;
				CLANG_WARN_SUSPICIOUS_MOVES = YES;
				CLANG_WARN_UNREACHABLE_CODE = YES;
				CLANG_WARN__DUPLICATE_METHOD_MATCH = YES;
				"CODE_SIGN_IDENTITY[sdk=iphoneos*]" = "iPhone Developer";
				COPY_PHASE_STRIP = NO;
				DEBUG_INFORMATION_FORMAT = "dwarf-with-dsym";
				ENABLE_NS_ASSERTIONS = NO;
				ENABLE_STRICT_OBJC_MSGSEND = YES;
				GCC_C_LANGUAGE_STANDARD = gnu99;
				GCC_NO_COMMON_BLOCKS = YES;
				GCC_WARN_64_TO_32_BIT_CONVERSION = YES;
				GCC_WARN_ABOUT_RETURN_TYPE = YES_ERROR;
				GCC_WARN_UNDECLARED_SELECTOR = YES;
				GCC_WARN_UNINITIALIZED_AUTOS = YES_AGGRESSIVE;
				GCC_WARN_UNUSED_FUNCTION = YES;
				GCC_WARN_UNUSED_VARIABLE = YES;
				IPHONEOS_DEPLOYMENT_TARGET = 10.0;
				MTL_ENABLE_DEBUG_INFO = NO;
				SDKROOT = iphoneos;
				VALIDATE_PRODUCT = YES;
			};
			name = Release;
		};
		46899CA01DB78FFE002AE03D /* Debug */ = {
			isa = XCBuildConfiguration;
			buildSettings = {
				ASSETCATALOG_COMPILER_APPICON_NAME = "iMessage App Icon";
				DEVELOPMENT_TEAM = RT43LXV8ZD;
				INFOPLIST_FILE = StickerPackExtension/Info.plist;
				PRODUCT_BUNDLE_IDENTIFIER = com.conglaiwangluo.BNTestPick.StickerPackExtension;
				PRODUCT_NAME = "$(TARGET_NAME)";
				SKIP_INSTALL = YES;
			};
			name = Debug;
		};
		46899CA11DB78FFE002AE03D /* Release */ = {
			isa = XCBuildConfiguration;
			buildSettings = {
				ASSETCATALOG_COMPILER_APPICON_NAME = "iMessage App Icon";
				DEVELOPMENT_TEAM = RT43LXV8ZD;
				INFOPLIST_FILE = StickerPackExtension/Info.plist;
				PRODUCT_BUNDLE_IDENTIFIER = com.conglaiwangluo.BNTestPick.StickerPackExtension;
				PRODUCT_NAME = "$(TARGET_NAME)";
				SKIP_INSTALL = YES;
			};
			name = Release;
		};
		46899CA41DB78FFE002AE03D /* Debug */ = {
			isa = XCBuildConfiguration;
			buildSettings = {
				ASSETCATALOG_COMPILER_APPICON_NAME = "iMessage App Icon";
				DEVELOPMENT_TEAM = RT43LXV8ZD;
				INFOPLIST_FILE = BNTestPick/Info.plist;
				PRODUCT_BUNDLE_IDENTIFIER = com.conglaiwangluo.BNTestPick;
				PRODUCT_NAME = "$(TARGET_NAME)";
				TARGETED_DEVICE_FAMILY = "1,2";
			};
			name = Debug;
		};
		46899CA51DB78FFE002AE03D /* Release */ = {
			isa = XCBuildConfiguration;
			buildSettings = {
				ASSETCATALOG_COMPILER_APPICON_NAME = "iMessage App Icon";
				DEVELOPMENT_TEAM = RT43LXV8ZD;
				INFOPLIST_FILE = BNTestPick/Info.plist;
				PRODUCT_BUNDLE_IDENTIFIER = com.conglaiwangluo.BNTestPick;
				PRODUCT_NAME = "$(TARGET_NAME)";
				TARGETED_DEVICE_FAMILY = "1,2";
			};
			name = Release;
		};
/* End XCBuildConfiguration section */

/* Begin XCConfigurationList section */
		46899C8F1DB78FFE002AE03D /* Build configuration list for PBXProject "BNTestPick" */ = {
			isa = XCConfigurationList;
			buildConfigurations = (
				46899C9D1DB78FFE002AE03D /* Debug */,
				46899C9E1DB78FFE002AE03D /* Release */,
			);
			defaultConfigurationIsVisible = 0;
			defaultConfigurationName = Release;
		};
		46899C9F1DB78FFE002AE03D /* Build configuration list for PBXNativeTarget "StickerPackExtension" */ = {
			isa = XCConfigurationList;
			buildConfigurations = (
				46899CA01DB78FFE002AE03D /* Debug */,
				46899CA11DB78FFE002AE03D /* Release */,
			);
			defaultConfigurationIsVisible = 0;
		};
		46899CA31DB78FFE002AE03D /* Build configuration list for PBXNativeTarget "BNTestPick" */ = {
			isa = XCConfigurationList;
			buildConfigurations = (
				46899CA41DB78FFE002AE03D /* Debug */,
				46899CA51DB78FFE002AE03D /* Release */,
			);
			defaultConfigurationIsVisible = 0;
		};
/* End XCConfigurationList section */
	};
	rootObject = 46899C8C1DB78FFE002AE03D /* Project object */;
}
